
Microsoft Visual Studio Solution File, Format Version 12.00
# Visual Studio 2012
Project("{FAE04EC0-301F-11D3-BF4B-00C04F79EFBC}") = "Nitin.News", "WpfNewsApplication\Nitin.News.csproj", "{E0BA5BC1-D446-4C1A-8F9E-5B3E942F2E20}"
EndProject
Project("{FAE04EC0-301F-11D3-BF4B-00C04F79EFBC}") = "Nitin.News.Transitions", "WpfPageTransitions\Nitin.News.Transitions.csproj", "{22A46D61-1D40-43A9-802C-B9D43DADD9EC}"
EndProject
Project("{FAE04EC0-301F-11D3-BF4B-00C04F79EFBC}") = "Nitin.News.GeoNames", "GeoNames\Nitin.News.GeoNames.csproj", "{F415A58D-BAF3-4094-853B-B337845B0577}"
EndProject
Project("{FAE04EC0-301F-11D3-BF4B-00C04F79EFBC}") = "Nitin.News.BL", "Nitin.News.BL\Nitin.News.BL.csproj", "{30000F63-205E-4459-9771-A13FD679C68C}"
EndProject
Project("{FAE04EC0-301F-11D3-BF4B-00C04F79EFBC}") = "Nitin.News.DAL", "Nitin.News.DAL\Nitin.News.DAL.csproj", "{869011E7-096D-4977-B8F8-D4E2FFAA712A}"
EndProject
Global
	GlobalSection(SolutionConfigurationPlatforms) = preSolution
		CD_ROM|Any CPU = CD_ROM|Any CPU
		CD_ROM|Mixed Platforms = CD_ROM|Mixed Platforms
		CD_ROM|x86 = CD_ROM|x86
		Debug|Any CPU = Debug|Any CPU
		Debug|Mixed Platforms = Debug|Mixed Platforms
		Debug|x86 = Debug|x86
		DVD-5|Any CPU = DVD-5|Any CPU
		DVD-5|Mixed Platforms = DVD-5|Mixed Platforms
		DVD-5|x86 = DVD-5|x86
		Release|Any CPU = Release|Any CPU
		Release|Mixed Platforms = Release|Mixed Platforms
		Release|x86 = Release|x86
		SingleImage|Any CPU = SingleImage|Any CPU
		SingleImage|Mixed Platforms = SingleImage|Mixed Platforms
		SingleImage|x86 = SingleImage|x86
	EndGlobalSection
	GlobalSection(ProjectConfigurationPlatforms) = postSolution
		{E0BA5BC1-D446-4C1A-8F9E-5B3E942F2E20}.CD_ROM|Any CPU.ActiveCfg = Release|Any CPU
		{E0BA5BC1-D446-4C1A-8F9E-5B3E942F2E20}.CD_ROM|Any CPU.Build.0 = Release|Any CPU
		{E0BA5BC1-D446-4C1A-8F9E-5B3E942F2E20}.CD_ROM|Mixed Platforms.ActiveCfg = Release|Any CPU
		{E0BA5BC1-D446-4C1A-8F9E-5B3E942F2E20}.CD_ROM|Mixed Platforms.Build.0 = Release|Any CPU
		{E0BA5BC1-D446-4C1A-8F9E-5B3E942F2E20}.CD_ROM|x86.ActiveCfg = Release|Any CPU
		{E0BA5BC1-D446-4C1A-8F9E-5B3E942F2E20}.Debug|Any CPU.ActiveCfg = Debug|Any CPU
		{E0BA5BC1-D446-4C1A-8F9E-5B3E942F2E20}.Debug|Any CPU.Build.0 = Debug|Any CPU
		{E0BA5BC1-D446-4C1A-8F9E-5B3E942F2E20}.Debug|Mixed Platforms.ActiveCfg = Debug|Any CPU
		{E0BA5BC1-D446-4C1A-8F9E-5B3E942F2E20}.Debug|Mixed Platforms.Build.0 = Debug|Any CPU
		{E0BA5BC1-D446-4C1A-8F9E-5B3E942F2E20}.Debug|x86.ActiveCfg = Debug|Any CPU
		{E0BA5BC1-D446-4C1A-8F9E-5B3E942F2E20}.DVD-5|Any CPU.ActiveCfg = Debug|Any CPU
		{E0BA5BC1-D446-4C1A-8F9E-5B3E942F2E20}.DVD-5|Any CPU.Build.0 = Debug|Any CPU
		{E0BA5BC1-D446-4C1A-8F9E-5B3E942F2E20}.DVD-5|Mixed Platforms.ActiveCfg = Debug|Any CPU
		{E0BA5BC1-D446-4C1A-8F9E-5B3E942F2E20}.DVD-5|Mixed Platforms.Build.0 = Debug|Any CPU
		{E0BA5BC1-D446-4C1A-8F9E-5B3E942F2E20}.DVD-5|x86.ActiveCfg = Debug|Any CPU
		{E0BA5BC1-D446-4C1A-8F9E-5B3E942F2E20}.Release|Any CPU.ActiveCfg = Release|Any CPU
		{E0BA5BC1-D446-4C1A-8F9E-5B3E942F2E20}.Release|Any CPU.Build.0 = Release|Any CPU
		{E0BA5BC1-D446-4C1A-8F9E-5B3E942F2E20}.Release|Mixed Platforms.ActiveCfg = Release|Any CPU
		{E0BA5BC1-D446-4C1A-8F9E-5B3E942F2E20}.Release|Mixed Platforms.Build.0 = Release|Any CPU
		{E0BA5BC1-D446-4C1A-8F9E-5B3E942F2E20}.Release|x86.ActiveCfg = Release|Any CPU
		{E0BA5BC1-D446-4C1A-8F9E-5B3E942F2E20}.SingleImage|Any CPU.ActiveCfg = Release|Any CPU
		{E0BA5BC1-D446-4C1A-8F9E-5B3E942F2E20}.SingleImage|Any CPU.Build.0 = Release|Any CPU
		{E0BA5BC1-D446-4C1A-8F9E-5B3E942F2E20}.SingleImage|Mixed Platforms.ActiveCfg = Release|Any CPU
		{E0BA5BC1-D446-4C1A-8F9E-5B3E942F2E20}.SingleImage|Mixed Platforms.Build.0 = Release|Any CPU
		{E0BA5BC1-D446-4C1A-8F9E-5B3E942F2E20}.SingleImage|x86.ActiveCfg = Release|Any CPU
		{22A46D61-1D40-43A9-802C-B9D43DADD9EC}.CD_ROM|Any CPU.ActiveCfg = Release|Any CPU
		{22A46D61-1D40-43A9-802C-B9D43DADD9EC}.CD_ROM|Any CPU.Build.0 = Release|Any CPU
		{22A46D61-1D40-43A9-802C-B9D43DADD9EC}.CD_ROM|Mixed Platforms.ActiveCfg = Release|Any CPU
		{22A46D61-1D40-43A9-802C-B9D43DADD9EC}.CD_ROM|Mixed Platforms.Build.0 = Release|Any CPU
		{22A46D61-1D40-43A9-802C-B9D43DADD9EC}.CD_ROM|x86.ActiveCfg = Release|Any CPU
		{22A46D61-1D40-43A9-802C-B9D43DADD9EC}.Debug|Any CPU.ActiveCfg = Debug|Any CPU
		{22A46D61-1D40-43A9-802C-B9D43DADD9EC}.Debug|Any CPU.Build.0 = Debug|Any CPU
		{22A46D61-1D40-43A9-802C-B9D43DADD9EC}.Debug|Mixed Platforms.ActiveCfg = Debug|Any CPU
		{22A46D61-1D40-43A9-802C-B9D43DADD9EC}.Debug|Mixed Platforms.Build.0 = Debug|Any CPU
		{22A46D61-1D40-43A9-802C-B9D43DADD9EC}.Debug|x86.ActiveCfg = Debug|Any CPU
		{22A46D61-1D40-43A9-802C-B9D43DADD9EC}.DVD-5|Any CPU.ActiveCfg = Debug|Any CPU
		{22A46D61-1D40-43A9-802C-B9D43DADD9EC}.DVD-5|Any CPU.Build.0 = Debug|Any CPU
		{22A46D61-1D40-43A9-802C-B9D43DADD9EC}.DVD-5|Mixed Platforms.ActiveCfg = Debug|Any CPU
		{22A46D61-1D40-43A9-802C-B9D43DADD9EC}.DVD-5|Mixed Platforms.Build.0 = Debug|Any CPU
		{22A46D61-1D40-43A9-802C-B9D43DADD9EC}.DVD-5|x86.ActiveCfg = Debug|Any CPU
		{22A46D61-1D40-43A9-802C-B9D43DADD9EC}.Release|Any CPU.ActiveCfg = Release|Any CPU
		{22A46D61-1D40-43A9-802C-B9D43DADD9EC}.Release|Any CPU.Build.0 = Release|Any CPU
		{22A46D61-1D40-43A9-802C-B9D43DADD9EC}.Release|Mixed Platforms.ActiveCfg = Release|Any CPU
		{22A46D61-1D40-43A9-802C-B9D43DADD9EC}.Release|Mixed Platforms.Build.0 = Release|Any CPU
		{22A46D61-1D40-43A9-802C-B9D43DADD9EC}.Release|x86.ActiveCfg = Release|Any CPU
		{22A46D61-1D40-43A9-802C-B9D43DADD9EC}.SingleImage|Any CPU.ActiveCfg = Release|Any CPU
		{22A46D61-1D40-43A9-802C-B9D43DADD9EC}.SingleImage|Any CPU.Build.0 = Release|Any CPU
		{22A46D61-1D40-43A9-802C-B9D43DADD9EC}.SingleImage|Mixed Platforms.ActiveCfg = Release|Any CPU
		{22A46D61-1D40-43A9-802C-B9D43DADD9EC}.SingleImage|Mixed Platforms.Build.0 = Release|Any CPU
		{22A46D61-1D40-43A9-802C-B9D43DADD9EC}.SingleImage|x86.ActiveCfg = Release|Any CPU
		{F415A58D-BAF3-4094-853B-B337845B0577}.CD_ROM|Any CPU.ActiveCfg = Release|Any CPU
		{F415A58D-BAF3-4094-853B-B337845B0577}.CD_ROM|Any CPU.Build.0 = Release|Any CPU
		{F415A58D-BAF3-4094-853B-B337845B0577}.CD_ROM|Mixed Platforms.ActiveCfg = Release|Any CPU
		{F415A58D-BAF3-4094-853B-B337845B0577}.CD_ROM|Mixed Platforms.Build.0 = Release|Any CPU
		{F415A58D-BAF3-4094-853B-B337845B0577}.CD_ROM|x86.ActiveCfg = Release|Any CPU
		{F415A58D-BAF3-4094-853B-B337845B0577}.Debug|Any CPU.ActiveCfg = Debug|Any CPU
		{F415A58D-BAF3-4094-853B-B337845B0577}.Debug|Any CPU.Build.0 = Debug|Any CPU
		{F415A58D-BAF3-4094-853B-B337845B0577}.Debug|Mixed Platforms.ActiveCfg = Debug|Any CPU
		{F415A58D-BAF3-4094-853B-B337845B0577}.Debug|Mixed Platforms.Build.0 = Debug|Any CPU
		{F415A58D-BAF3-4094-853B-B337845B0577}.Debug|x86.ActiveCfg = Debug|Any CPU
		{F415A58D-BAF3-4094-853B-B337845B0577}.DVD-5|Any CPU.ActiveCfg = Debug|Any CPU
		{F415A58D-BAF3-4094-853B-B337845B0577}.DVD-5|Any CPU.Build.0 = Debug|Any CPU
		{F415A58D-BAF3-4094-853B-B337845B0577}.DVD-5|Mixed Platforms.ActiveCfg = Debug|Any CPU
		{F415A58D-BAF3-4094-853B-B337845B0577}.DVD-5|Mixed Platforms.Build.0 = Debug|Any CPU
		{F415A58D-BAF3-4094-853B-B337845B0577}.DVD-5|x86.ActiveCfg = Debug|Any CPU
		{F415A58D-BAF3-4094-853B-B337845B0577}.Release|Any CPU.ActiveCfg = Release|Any CPU
		{F415A58D-BAF3-4094-853B-B337845B0577}.Release|Any CPU.Build.0 = Release|Any CPU
		{F415A58D-BAF3-4094-853B-B337845B0577}.Release|Mixed Platforms.ActiveCfg = Release|Any CPU
		{F415A58D-BAF3-4094-853B-B337845B0577}.Release|Mixed Platforms.Build.0 = Release|Any CPU
		{F415A58D-BAF3-4094-853B-B337845B0577}.Release|x86.ActiveCfg = Release|Any CPU
		{F415A58D-BAF3-4094-853B-B337845B0577}.SingleImage|Any CPU.ActiveCfg = Release|Any CPU
		{F415A58D-BAF3-4094-853B-B337845B0577}.SingleImage|Any CPU.Build.0 = Release|Any CPU
		{F415A58D-BAF3-4094-853B-B337845B0577}.SingleImage|Mixed Platforms.ActiveCfg = Release|Any CPU
		{F415A58D-BAF3-4094-853B-B337845B0577}.SingleImage|Mixed Platforms.Build.0 = Release|Any CPU
		{F415A58D-BAF3-4094-853B-B337845B0577}.SingleImage|x86.ActiveCfg = Release|Any CPU
		{30000F63-205E-4459-9771-A13FD679C68C}.CD_ROM|Any CPU.ActiveCfg = Release|Any CPU
		{30000F63-205E-4459-9771-A13FD679C68C}.CD_ROM|Any CPU.Build.0 = Release|Any CPU
		{30000F63-205E-4459-9771-A13FD679C68C}.CD_ROM|Mixed Platforms.ActiveCfg = Release|Any CPU
		{30000F63-205E-4459-9771-A13FD679C68C}.CD_ROM|Mixed Platforms.Build.0 = Release|Any CPU
		{30000F63-205E-4459-9771-A13FD679C68C}.CD_ROM|x86.ActiveCfg = Release|Any CPU
		{30000F63-205E-4459-9771-A13FD679C68C}.Debug|Any CPU.ActiveCfg = Debug|Any CPU
		{30000F63-205E-4459-9771-A13FD679C68C}.Debug|Any CPU.Build.0 = Debug|Any CPU
		{30000F63-205E-4459-9771-A13FD679C68C}.Debug|Mixed Platforms.ActiveCfg = Debug|Any CPU
		{30000F63-205E-4459-9771-A13FD679C68C}.Debug|Mixed Platforms.Build.0 = Debug|Any CPU
		{30000F63-205E-4459-9771-A13FD679C68C}.Debug|x86.ActiveCfg = Debug|Any CPU
		{30000F63-205E-4459-9771-A13FD679C68C}.DVD-5|Any CPU.ActiveCfg = Debug|Any CPU
		{30000F63-205E-4459-9771-A13FD679C68C}.DVD-5|Any CPU.Build.0 = Debug|Any CPU
		{30000F63-205E-4459-9771-A13FD679C68C}.DVD-5|Mixed Platforms.ActiveCfg = Debug|Any CPU
		{30000F63-205E-4459-9771-A13FD679C68C}.DVD-5|Mixed Platforms.Build.0 = Debug|Any CPU
		{30000F63-205E-4459-9771-A13FD679C68C}.DVD-5|x86.ActiveCfg = Debug|Any CPU
		{30000F63-205E-4459-9771-A13FD679C68C}.Release|Any CPU.ActiveCfg = Release|Any CPU
		{30000F63-205E-4459-9771-A13FD679C68C}.Release|Any CPU.Build.0 = Release|Any CPU
		{30000F63-205E-4459-9771-A13FD679C68C}.Release|Mixed Platforms.ActiveCfg = Release|Any CPU
		{30000F63-205E-4459-9771-A13FD679C68C}.Release|Mixed Platforms.Build.0 = Release|Any CPU
		{30000F63-205E-4459-9771-A13FD679C68C}.Release|x86.ActiveCfg = Release|Any CPU
		{30000F63-205E-4459-9771-A13FD679C68C}.SingleImage|Any CPU.ActiveCfg = Release|Any CPU
		{30000F63-205E-4459-9771-A13FD679C68C}.SingleImage|Any CPU.Build.0 = Release|Any CPU
		{30000F63-205E-4459-9771-A13FD679C68C}.SingleImage|Mixed Platforms.ActiveCfg = Release|Any CPU
		{30000F63-205E-4459-9771-A13FD679C68C}.SingleImage|Mixed Platforms.Build.0 = Release|Any CPU
		{30000F63-205E-4459-9771-A13FD679C68C}.SingleImage|x86.ActiveCfg = Release|Any CPU
		{869011E7-096D-4977-B8F8-D4E2FFAA712A}.CD_ROM|Any CPU.ActiveCfg = Release|Any CPU
		{869011E7-096D-4977-B8F8-D4E2FFAA712A}.CD_ROM|Any CPU.Build.0 = Release|Any CPU
		{869011E7-096D-4977-B8F8-D4E2FFAA712A}.CD_ROM|Mixed Platforms.ActiveCfg = Release|Any CPU
		{869011E7-096D-4977-B8F8-D4E2FFAA712A}.CD_ROM|Mixed Platforms.Build.0 = Release|Any CPU
		{869011E7-096D-4977-B8F8-D4E2FFAA712A}.CD_ROM|x86.ActiveCfg = Release|Any CPU
		{869011E7-096D-4977-B8F8-D4E2FFAA712A}.Debug|Any CPU.ActiveCfg = Debug|Any CPU
		{869011E7-096D-4977-B8F8-D4E2FFAA712A}.Debug|Any CPU.Build.0 = Debug|Any CPU
		{869011E7-096D-4977-B8F8-D4E2FFAA712A}.Debug|Mixed Platforms.ActiveCfg = Debug|Any CPU
		{869011E7-096D-4977-B8F8-D4E2FFAA712A}.Debug|Mixed Platforms.Build.0 = Debug|Any CPU
		{869011E7-096D-4977-B8F8-D4E2FFAA712A}.Debug|x86.ActiveCfg = Debug|Any CPU
		{869011E7-096D-4977-B8F8-D4E2FFAA712A}.DVD-5|Any CPU.ActiveCfg = Debug|Any CPU
		{869011E7-096D-4977-B8F8-D4E2FFAA712A}.DVD-5|Any CPU.Build.0 = Debug|Any CPU
		{869011E7-096D-4977-B8F8-D4E2FFAA712A}.DVD-5|Mixed Platforms.ActiveCfg = Debug|Any CPU
		{869011E7-096D-4977-B8F8-D4E2FFAA712A}.DVD-5|Mixed Platforms.Build.0 = Debug|Any CPU
		{869011E7-096D-4977-B8F8-D4E2FFAA712A}.DVD-5|x86.ActiveCfg = Debug|Any CPU
		{869011E7-096D-4977-B8F8-D4E2FFAA712A}.Release|Any CPU.ActiveCfg = Release|Any CPU
		{869011E7-096D-4977-B8F8-D4E2FFAA712A}.Release|Any CPU.Build.0 = Release|Any CPU
		{869011E7-096D-4977-B8F8-D4E2FFAA712A}.Release|Mixed Platforms.ActiveCfg = Release|Any CPU
		{869011E7-096D-4977-B8F8-D4E2FFAA712A}.Release|Mixed Platforms.Build.0 = Release|Any CPU
		{869011E7-096D-4977-B8F8-D4E2FFAA712A}.Release|x86.ActiveCfg = Release|Any CPU
		{869011E7-096D-4977-B8F8-D4E2FFAA712A}.SingleImage|Any CPU.ActiveCfg = Release|Any CPU
		{869011E7-096D-4977-B8F8-D4E2FFAA712A}.SingleImage|Any CPU.Build.0 = Release|Any CPU
		{869011E7-096D-4977-B8F8-D4E2FFAA712A}.SingleImage|Mixed Platforms.ActiveCfg = Release|Any CPU
		{869011E7-096D-4977-B8F8-D4E2FFAA712A}.SingleImage|Mixed Platforms.Build.0 = Release|Any CPU
		{869011E7-096D-4977-B8F8-D4E2FFAA712A}.SingleImage|x86.ActiveCfg = Release|Any CPU
	EndGlobalSection
	GlobalSection(SolutionProperties) = preSolution
		HideSolutionNode = FALSE
	EndGlobalSection
EndGlobal
